
Microsoft Visual Studio Solution File, Format Version 12.00
# Visual Studio Version 17
VisualStudioVersion = 17.2.32516.85
MinimumVisualStudioVersion = 10.0.40219.1
Project("{FAE04EC0-301F-11D3-BF4B-00C04F79EFBC}") = "test", "test\test.csproj", "{9B3BD046-22D6-427A-B765-601D41328582}"
EndProject
Global
	GlobalSection(SolutionConfigurationPlatforms) = preSolution
		Debug|Any CPU = Debug|Any CPU
		Release|Any CPU = Release|Any CPU
	EndGlobalSection
	GlobalSection(ProjectConfigurationPlatforms) = postSolution
		{9B3BD046-22D6-427A-B765-601D41328582}.Debug|Any CPU.ActiveCfg = Debug|Any CPU
		{9B3BD046-22D6-427A-B765-601D41328582}.Debug|Any CPU.Build.0 = Debug|Any CPU
		{9B3BD046-22D6-427A-B765-601D41328582}.Release|Any CPU.ActiveCfg = Release|Any CPU
		{9B3BD046-22D6-427A-B765-601D41328582}.Release|Any CPU.Build.0 = Release|Any CPU
	EndGlobalSection
	GlobalSection(SolutionProperties) = preSolution
		HideSolutionNode = FALSE
	EndGlobalSection
	GlobalSection(ExtensibilityGlobals) = postSolution
		SolutionGuid = {0F984F00-34B7-400C-BDAF-B05E8B2E034A}
	EndGlobalSection
EndGlobal
